
Microsoft Visual Studio Solution File, Format Version 12.00
# Visual Studio Version 17
VisualStudioVersion = 17.10.35013.160
MinimumVisualStudioVersion = 10.0.40219.1
Project("{2150E333-8FDC-42A3-9474-1A3956D46DE8}") = "Services", "Services", "{245BDB10-FD23-4CF9-A227-49E08C687B1A}"
EndProject
Project("{2150E333-8FDC-42A3-9474-1A3956D46DE8}") = "Catalog", "Catalog", "{A52B8C04-181B-4018-A1BD-588B5D91664B}"
EndProject
Project("{9A19103F-16F7-4668-BE54-9A1E7A4F7556}") = "Catalog.API", "Services\Catalog\Catalog.API\Catalog.API.csproj", "{904622B6-9685-42CD-B545-195410F0F25C}"
EndProject
Project("{2150E333-8FDC-42A3-9474-1A3956D46DE8}") = "BuildingBlocks", "BuildingBlocks", "{A4E29215-8279-464C-BE57-FB083BC0EA7C}"
EndProject
Project("{9A19103F-16F7-4668-BE54-9A1E7A4F7556}") = "BuildingBlocks", "BuildingBlocks\BuildingBlocks\BuildingBlocks.csproj", "{35A2227F-F441-47BA-9F49-15669733D04C}"
EndProject
Project("{E53339B2-1760-4266-BCC7-CA923CBCF16C}") = "docker-compose", "docker-compose.dcproj", "{D1E7BDFC-0B05-4DD6-A3D7-F19769B98EB0}"
EndProject
Project("{2150E333-8FDC-42A3-9474-1A3956D46DE8}") = "Basket", "Basket", "{4E297BCA-636D-4A7E-978F-E3D78FE2ED4B}"
EndProject
Project("{9A19103F-16F7-4668-BE54-9A1E7A4F7556}") = "Basket.API", "Services\Basket\Basket.API\Basket.API.csproj", "{AA3102EA-AFBA-4DBD-A6B1-1620A94D40C4}"
EndProject
Project("{2150E333-8FDC-42A3-9474-1A3956D46DE8}") = "Discount", "Discount", "{352B02B4-AC43-4327-A48D-FF6021F5C38F}"
EndProject
Project("{9A19103F-16F7-4668-BE54-9A1E7A4F7556}") = "Discount.gRPC", "Services\Discount\Discount.gRPC\Discount.gRPC.csproj", "{823DCD4A-D4C8-41C8-A8EB-08DC4E9B89FB}"
EndProject
Project("{2150E333-8FDC-42A3-9474-1A3956D46DE8}") = "Ordering", "Ordering", "{E03DB689-1C6C-4B4F-981E-4BB51090CA38}"
EndProject
Project("{9A19103F-16F7-4668-BE54-9A1E7A4F7556}") = "Ordering.API", "Services\Ordering\Ordering.API\Ordering.API.csproj", "{7F159897-154C-447F-9B6B-F1AE04AAF73D}"
EndProject
Project("{9A19103F-16F7-4668-BE54-9A1E7A4F7556}") = "Ordering.Domain", "Services\Ordering\Ordering.Domain\Ordering.Domain.csproj", "{7ED991CE-1017-41C3-83B6-A1D3C8355389}"
EndProject
Project("{9A19103F-16F7-4668-BE54-9A1E7A4F7556}") = "Ordering.Application", "Services\Ordering\Ordering.Application\Ordering.Application.csproj", "{C5DBC6CB-D265-432D-A1B8-A7F397EB8A94}"
EndProject
Project("{9A19103F-16F7-4668-BE54-9A1E7A4F7556}") = "Ordering.Infrastructure", "Services\Ordering\Ordering.Infrastructure\Ordering.Infrastructure.csproj", "{E0C48BDC-694B-43AF-AFA3-A4F0DB4D17A3}"
EndProject
Project("{9A19103F-16F7-4668-BE54-9A1E7A4F7556}") = "BuildingBlocks.Messaging", "BuildingBlocks\BuildingBlocks.Messaging\BuildingBlocks.Messaging.csproj", "{5406DD12-4B84-4BE7-8CD1-3C54AB4A7E8B}"
EndProject
Project("{2150E333-8FDC-42A3-9474-1A3956D46DE8}") = "ApiGateway", "ApiGateway", "{C5EF61E3-729A-45AD-A04C-7E34407339BC}"
EndProject
Project("{9A19103F-16F7-4668-BE54-9A1E7A4F7556}") = "YarpApiGateway", "ApiGateway\YarpApiGateway\YarpApiGateway.csproj", "{9B97BC73-14AC-4A94-ACA8-82BAF3FE9216}"
EndProject
Project("{2150E333-8FDC-42A3-9474-1A3956D46DE8}") = "WebApps", "WebApps", "{D752FF67-1B5C-407D-AF5A-523E4680979F}"
EndProject
Project("{9A19103F-16F7-4668-BE54-9A1E7A4F7556}") = "Shopping.Web", "WebApps\Shopping.Web\Shopping.Web.csproj", "{A7C8CAE7-39A0-495E-B982-E6B6258F3C90}"
EndProject
Global
	GlobalSection(SolutionConfigurationPlatforms) = preSolution
		Debug|Any CPU = Debug|Any CPU
		Release|Any CPU = Release|Any CPU
	EndGlobalSection
	GlobalSection(ProjectConfigurationPlatforms) = postSolution
		{904622B6-9685-42CD-B545-195410F0F25C}.Debug|Any CPU.ActiveCfg = Debug|Any CPU
		{904622B6-9685-42CD-B545-195410F0F25C}.Debug|Any CPU.Build.0 = Debug|Any CPU
		{904622B6-9685-42CD-B545-195410F0F25C}.Release|Any CPU.ActiveCfg = Release|Any CPU
		{904622B6-9685-42CD-B545-195410F0F25C}.Release|Any CPU.Build.0 = Release|Any CPU
		{35A2227F-F441-47BA-9F49-15669733D04C}.Debug|Any CPU.ActiveCfg = Debug|Any CPU
		{35A2227F-F441-47BA-9F49-15669733D04C}.Debug|Any CPU.Build.0 = Debug|Any CPU
		{35A2227F-F441-47BA-9F49-15669733D04C}.Release|Any CPU.ActiveCfg = Release|Any CPU
		{35A2227F-F441-47BA-9F49-15669733D04C}.Release|Any CPU.Build.0 = Release|Any CPU
		{D1E7BDFC-0B05-4DD6-A3D7-F19769B98EB0}.Debug|Any CPU.ActiveCfg = Debug|Any CPU
		{D1E7BDFC-0B05-4DD6-A3D7-F19769B98EB0}.Debug|Any CPU.Build.0 = Debug|Any CPU
		{D1E7BDFC-0B05-4DD6-A3D7-F19769B98EB0}.Release|Any CPU.ActiveCfg = Release|Any CPU
		{D1E7BDFC-0B05-4DD6-A3D7-F19769B98EB0}.Release|Any CPU.Build.0 = Release|Any CPU
		{AA3102EA-AFBA-4DBD-A6B1-1620A94D40C4}.Debug|Any CPU.ActiveCfg = Debug|Any CPU
		{AA3102EA-AFBA-4DBD-A6B1-1620A94D40C4}.Debug|Any CPU.Build.0 = Debug|Any CPU
		{AA3102EA-AFBA-4DBD-A6B1-1620A94D40C4}.Release|Any CPU.ActiveCfg = Release|Any CPU
		{AA3102EA-AFBA-4DBD-A6B1-1620A94D40C4}.Release|Any CPU.Build.0 = Release|Any CPU
		{823DCD4A-D4C8-41C8-A8EB-08DC4E9B89FB}.Debug|Any CPU.ActiveCfg = Debug|Any CPU
		{823DCD4A-D4C8-41C8-A8EB-08DC4E9B89FB}.Debug|Any CPU.Build.0 = Debug|Any CPU
		{823DCD4A-D4C8-41C8-A8EB-08DC4E9B89FB}.Release|Any CPU.ActiveCfg = Release|Any CPU
		{823DCD4A-D4C8-41C8-A8EB-08DC4E9B89FB}.Release|Any CPU.Build.0 = Release|Any CPU
		{7F159897-154C-447F-9B6B-F1AE04AAF73D}.Debug|Any CPU.ActiveCfg = Debug|Any CPU
		{7F159897-154C-447F-9B6B-F1AE04AAF73D}.Debug|Any CPU.Build.0 = Debug|Any CPU
		{7F159897-154C-447F-9B6B-F1AE04AAF73D}.Release|Any CPU.ActiveCfg = Release|Any CPU
		{7F159897-154C-447F-9B6B-F1AE04AAF73D}.Release|Any CPU.Build.0 = Release|Any CPU
		{7ED991CE-1017-41C3-83B6-A1D3C8355389}.Debug|Any CPU.ActiveCfg = Debug|Any CPU
		{7ED991CE-1017-41C3-83B6-A1D3C8355389}.Debug|Any CPU.Build.0 = Debug|Any CPU
		{7ED991CE-1017-41C3-83B6-A1D3C8355389}.Release|Any CPU.ActiveCfg = Release|Any CPU
		{7ED991CE-1017-41C3-83B6-A1D3C8355389}.Release|Any CPU.Build.0 = Release|Any CPU
		{C5DBC6CB-D265-432D-A1B8-A7F397EB8A94}.Debug|Any CPU.ActiveCfg = Debug|Any CPU
		{C5DBC6CB-D265-432D-A1B8-A7F397EB8A94}.Debug|Any CPU.Build.0 = Debug|Any CPU
		{C5DBC6CB-D265-432D-A1B8-A7F397EB8A94}.Release|Any CPU.ActiveCfg = Release|Any CPU
		{C5DBC6CB-D265-432D-A1B8-A7F397EB8A94}.Release|Any CPU.Build.0 = Release|Any CPU
		{E0C48BDC-694B-43AF-AFA3-A4F0DB4D17A3}.Debug|Any CPU.ActiveCfg = Debug|Any CPU
		{E0C48BDC-694B-43AF-AFA3-A4F0DB4D17A3}.Debug|Any CPU.Build.0 = Debug|Any CPU
		{E0C48BDC-694B-43AF-AFA3-A4F0DB4D17A3}.Release|Any CPU.ActiveCfg = Release|Any CPU
		{E0C48BDC-694B-43AF-AFA3-A4F0DB4D17A3}.Release|Any CPU.Build.0 = Release|Any CPU
		{5406DD12-4B84-4BE7-8CD1-3C54AB4A7E8B}.Debug|Any CPU.ActiveCfg = Debug|Any CPU
		{5406DD12-4B84-4BE7-8CD1-3C54AB4A7E8B}.Debug|Any CPU.Build.0 = Debug|Any CPU
		{5406DD12-4B84-4BE7-8CD1-3C54AB4A7E8B}.Release|Any CPU.ActiveCfg = Release|Any CPU
		{5406DD12-4B84-4BE7-8CD1-3C54AB4A7E8B}.Release|Any CPU.Build.0 = Release|Any CPU
		{9B97BC73-14AC-4A94-ACA8-82BAF3FE9216}.Debug|Any CPU.ActiveCfg = Debug|Any CPU
		{9B97BC73-14AC-4A94-ACA8-82BAF3FE9216}.Debug|Any CPU.Build.0 = Debug|Any CPU
		{9B97BC73-14AC-4A94-ACA8-82BAF3FE9216}.Release|Any CPU.ActiveCfg = Release|Any CPU
		{9B97BC73-14AC-4A94-ACA8-82BAF3FE9216}.Release|Any CPU.Build.0 = Release|Any CPU
		{A7C8CAE7-39A0-495E-B982-E6B6258F3C90}.Debug|Any CPU.ActiveCfg = Debug|Any CPU
		{A7C8CAE7-39A0-495E-B982-E6B6258F3C90}.Debug|Any CPU.Build.0 = Debug|Any CPU
		{A7C8CAE7-39A0-495E-B982-E6B6258F3C90}.Release|Any CPU.ActiveCfg = Release|Any CPU
		{A7C8CAE7-39A0-495E-B982-E6B6258F3C90}.Release|Any CPU.Build.0 = Release|Any CPU
	EndGlobalSection
	GlobalSection(SolutionProperties) = preSolution
		HideSolutionNode = FALSE
	EndGlobalSection
	GlobalSection(NestedProjects) = preSolution
		{A52B8C04-181B-4018-A1BD-588B5D91664B} = {245BDB10-FD23-4CF9-A227-49E08C687B1A}
		{904622B6-9685-42CD-B545-195410F0F25C} = {A52B8C04-181B-4018-A1BD-588B5D91664B}
		{35A2227F-F441-47BA-9F49-15669733D04C} = {A4E29215-8279-464C-BE57-FB083BC0EA7C}
		{4E297BCA-636D-4A7E-978F-E3D78FE2ED4B} = {245BDB10-FD23-4CF9-A227-49E08C687B1A}
		{AA3102EA-AFBA-4DBD-A6B1-1620A94D40C4} = {4E297BCA-636D-4A7E-978F-E3D78FE2ED4B}
		{352B02B4-AC43-4327-A48D-FF6021F5C38F} = {245BDB10-FD23-4CF9-A227-49E08C687B1A}
		{823DCD4A-D4C8-41C8-A8EB-08DC4E9B89FB} = {352B02B4-AC43-4327-A48D-FF6021F5C38F}
		{E03DB689-1C6C-4B4F-981E-4BB51090CA38} = {245BDB10-FD23-4CF9-A227-49E08C687B1A}
		{7F159897-154C-447F-9B6B-F1AE04AAF73D} = {E03DB689-1C6C-4B4F-981E-4BB51090CA38}
		{7ED991CE-1017-41C3-83B6-A1D3C8355389} = {E03DB689-1C6C-4B4F-981E-4BB51090CA38}
		{C5DBC6CB-D265-432D-A1B8-A7F397EB8A94} = {E03DB689-1C6C-4B4F-981E-4BB51090CA38}
		{E0C48BDC-694B-43AF-AFA3-A4F0DB4D17A3} = {E03DB689-1C6C-4B4F-981E-4BB51090CA38}
		{5406DD12-4B84-4BE7-8CD1-3C54AB4A7E8B} = {A4E29215-8279-464C-BE57-FB083BC0EA7C}
		{9B97BC73-14AC-4A94-ACA8-82BAF3FE9216} = {C5EF61E3-729A-45AD-A04C-7E34407339BC}
		{A7C8CAE7-39A0-495E-B982-E6B6258F3C90} = {D752FF67-1B5C-407D-AF5A-523E4680979F}
	EndGlobalSection
	GlobalSection(ExtensibilityGlobals) = postSolution
		SolutionGuid = {FB1E75DB-14EC-48CC-8555-F801BC3CC81C}
	EndGlobalSection
EndGlobal
