
Microsoft Visual Studio Solution File, Format Version 12.00
# Visual Studio Version 17
VisualStudioVersion = 17.10.35013.160
MinimumVisualStudioVersion = 10.0.40219.1
Project("{2150E333-8FDC-42A3-9474-1A3956D46DE8}") = "Services", "Services", "{245BDB10-FD23-4CF9-A227-49E08C687B1A}"
EndProject
Project("{2150E333-8FDC-42A3-9474-1A3956D46DE8}") = "Catalog", "Catalog", "{A52B8C04-181B-4018-A1BD-588B5D91664B}"
EndProject
Project("{FAE04EC0-301F-11D3-BF4B-00C04F79EFBC}") = "Catalog.API", "Services\Catalog\Catalog.API\Catalog.API.csproj", "{904622B6-9685-42CD-B545-195410F0F25C}"
EndProject
Global
	GlobalSection(SolutionConfigurationPlatforms) = preSolution
		Debug|Any CPU = Debug|Any CPU
		Release|Any CPU = Release|Any CPU
	EndGlobalSection
	GlobalSection(ProjectConfigurationPlatforms) = postSolution
		{904622B6-9685-42CD-B545-195410F0F25C}.Debug|Any CPU.ActiveCfg = Debug|Any CPU
		{904622B6-9685-42CD-B545-195410F0F25C}.Debug|Any CPU.Build.0 = Debug|Any CPU
		{904622B6-9685-42CD-B545-195410F0F25C}.Release|Any CPU.ActiveCfg = Release|Any CPU
		{904622B6-9685-42CD-B545-195410F0F25C}.Release|Any CPU.Build.0 = Release|Any CPU
	EndGlobalSection
	GlobalSection(SolutionProperties) = preSolution
		HideSolutionNode = FALSE
	EndGlobalSection
	GlobalSection(NestedProjects) = preSolution
		{A52B8C04-181B-4018-A1BD-588B5D91664B} = {245BDB10-FD23-4CF9-A227-49E08C687B1A}
		{904622B6-9685-42CD-B545-195410F0F25C} = {A52B8C04-181B-4018-A1BD-588B5D91664B}
	EndGlobalSection
	GlobalSection(ExtensibilityGlobals) = postSolution
		SolutionGuid = {FB1E75DB-14EC-48CC-8555-F801BC3CC81C}
	EndGlobalSection
EndGlobal
